
Microsoft Visual Studio Solution File, Format Version 12.00
# Visual Studio Version 17
VisualStudioVersion = 17.14.36623.8
MinimumVisualStudioVersion = 10.0.40219.1
Project("{FAE04EC0-301F-11D3-BF4B-00C04F79EFBC}") = "UmbracoCMS1", "UmbracoCMS1\UmbracoCMS1.csproj", "{66183A67-DE40-4E2D-A47F-C34A806C5DF9}"
EndProject
Global
	GlobalSection(SolutionConfigurationPlatforms) = preSolution
		Debug|Any CPU = Debug|Any CPU
		Release|Any CPU = Release|Any CPU
	EndGlobalSection
	GlobalSection(ProjectConfigurationPlatforms) = postSolution
		{66183A67-DE40-4E2D-A47F-C34A806C5DF9}.Debug|Any CPU.ActiveCfg = Debug|Any CPU
		{66183A67-DE40-4E2D-A47F-C34A806C5DF9}.Debug|Any CPU.Build.0 = Debug|Any CPU
		{66183A67-DE40-4E2D-A47F-C34A806C5DF9}.Release|Any CPU.ActiveCfg = Release|Any CPU
		{66183A67-DE40-4E2D-A47F-C34A806C5DF9}.Release|Any CPU.Build.0 = Release|Any CPU
	EndGlobalSection
	GlobalSection(SolutionProperties) = preSolution
		HideSolutionNode = FALSE
	EndGlobalSection
	GlobalSection(ExtensibilityGlobals) = postSolution
		SolutionGuid = {353DAA59-E2C9-42D1-A3C6-5EF28E034ED2}
	EndGlobalSection
EndGlobal
